// !$*UTF8*$!
{
	archiveVersion = 1;
	classes = {
	};
	objectVersion = 56;
	objects = {

/* Begin PBXBuildFile section */
		9E9422682B2CF315008C3451 /* Double.swift in Sources */ = {isa = PBXBuildFile; fileRef = 9E9422672B2CF315008C3451 /* Double.swift */; };
		9EA18C2D2B2B4C4900727672 /* CircleButtonAnimationView.swift in Sources */ = {isa = PBXBuildFile; fileRef = 9EA18C2C2B2B4C4900727672 /* CircleButtonAnimationView.swift */; };
		9EA18C302B2B59DC00727672 /* Coin.swift in Sources */ = {isa = PBXBuildFile; fileRef = 9EA18C2F2B2B59DC00727672 /* Coin.swift */; };
		9EA18C322B2CD91100727672 /* CoinRowView.swift in Sources */ = {isa = PBXBuildFile; fileRef = 9EA18C312B2CD91100727672 /* CoinRowView.swift */; };
		9EA18C342B2CDAD700727672 /* PreviewProvider.swift in Sources */ = {isa = PBXBuildFile; fileRef = 9EA18C332B2CDAD700727672 /* PreviewProvider.swift */; };
		9EC5771F2B28B0FF005B3D27 /* CryptoWaveApp.swift in Sources */ = {isa = PBXBuildFile; fileRef = 9EC5771E2B28B0FF005B3D27 /* CryptoWaveApp.swift */; };
		9EC577212B28B0FF005B3D27 /* ContentView.swift in Sources */ = {isa = PBXBuildFile; fileRef = 9EC577202B28B0FF005B3D27 /* ContentView.swift */; };
		9EC577262B28B100005B3D27 /* Preview Assets.xcassets in Resources */ = {isa = PBXBuildFile; fileRef = 9EC577252B28B100005B3D27 /* Preview Assets.xcassets */; };
		9EC577312B28B204005B3D27 /* Assets.xcassets in Resources */ = {isa = PBXBuildFile; fileRef = 9EC577302B28B204005B3D27 /* Assets.xcassets */; };
		9EC577342B28B301005B3D27 /* Color.swift in Sources */ = {isa = PBXBuildFile; fileRef = 9EC577332B28B301005B3D27 /* Color.swift */; };
		9EC5773A2B28E98C005B3D27 /* HomeView.swift in Sources */ = {isa = PBXBuildFile; fileRef = 9EC577392B28E98C005B3D27 /* HomeView.swift */; };
		9EC5773E2B28F6A8005B3D27 /* CircleButtonView.swift in Sources */ = {isa = PBXBuildFile; fileRef = 9EC5773D2B28F6A8005B3D27 /* CircleButtonView.swift */; };
/* End PBXBuildFile section */

/* Begin PBXFileReference section */
		9E9422672B2CF315008C3451 /* Double.swift */ = {isa = PBXFileReference; lastKnownFileType = sourcecode.swift; path = Double.swift; sourceTree = "<group>"; };
		9EA18C2C2B2B4C4900727672 /* CircleButtonAnimationView.swift */ = {isa = PBXFileReference; lastKnownFileType = sourcecode.swift; path = CircleButtonAnimationView.swift; sourceTree = "<group>"; };
		9EA18C2F2B2B59DC00727672 /* Coin.swift */ = {isa = PBXFileReference; lastKnownFileType = sourcecode.swift; path = Coin.swift; sourceTree = "<group>"; };
		9EA18C312B2CD91100727672 /* CoinRowView.swift */ = {isa = PBXFileReference; lastKnownFileType = sourcecode.swift; path = CoinRowView.swift; sourceTree = "<group>"; };
		9EA18C332B2CDAD700727672 /* PreviewProvider.swift */ = {isa = PBXFileReference; lastKnownFileType = sourcecode.swift; path = PreviewProvider.swift; sourceTree = "<group>"; };
		9EC5771B2B28B0FF005B3D27 /* CryptoWave.app */ = {isa = PBXFileReference; explicitFileType = wrapper.application; includeInIndex = 0; path = CryptoWave.app; sourceTree = BUILT_PRODUCTS_DIR; };
		9EC5771E2B28B0FF005B3D27 /* CryptoWaveApp.swift */ = {isa = PBXFileReference; lastKnownFileType = sourcecode.swift; path = CryptoWaveApp.swift; sourceTree = "<group>"; };
		9EC577202B28B0FF005B3D27 /* ContentView.swift */ = {isa = PBXFileReference; lastKnownFileType = sourcecode.swift; path = ContentView.swift; sourceTree = "<group>"; };
		9EC577252B28B100005B3D27 /* Preview Assets.xcassets */ = {isa = PBXFileReference; lastKnownFileType = folder.assetcatalog; path = "Preview Assets.xcassets"; sourceTree = "<group>"; };
		9EC577302B28B204005B3D27 /* Assets.xcassets */ = {isa = PBXFileReference; lastKnownFileType = folder.assetcatalog; path = Assets.xcassets; sourceTree = "<group>"; };
		9EC577332B28B301005B3D27 /* Color.swift */ = {isa = PBXFileReference; lastKnownFileType = sourcecode.swift; path = Color.swift; sourceTree = "<group>"; };
		9EC577392B28E98C005B3D27 /* HomeView.swift */ = {isa = PBXFileReference; lastKnownFileType = sourcecode.swift; path = HomeView.swift; sourceTree = "<group>"; };
		9EC5773D2B28F6A8005B3D27 /* CircleButtonView.swift */ = {isa = PBXFileReference; lastKnownFileType = sourcecode.swift; path = CircleButtonView.swift; sourceTree = "<group>"; };
/* End PBXFileReference section */

/* Begin PBXFrameworksBuildPhase section */
		9EC577182B28B0FF005B3D27 /* Frameworks */ = {
			isa = PBXFrameworksBuildPhase;
			buildActionMask = 2147483647;
			files = (
			);
			runOnlyForDeploymentPostprocessing = 0;
		};
/* End PBXFrameworksBuildPhase section */

/* Begin PBXGroup section */
		9EA18C2E2B2B598C00727672 /* Models */ = {
			isa = PBXGroup;
			children = (
				9EA18C2F2B2B59DC00727672 /* Coin.swift */,
			);
			path = Models;
			sourceTree = "<group>";
		};
		9EC577122B28B0FF005B3D27 = {
			isa = PBXGroup;
			children = (
				9EC5771D2B28B0FF005B3D27 /* CryptoWave */,
				9EC5771C2B28B0FF005B3D27 /* Products */,
			);
			sourceTree = "<group>";
		};
		9EC5771C2B28B0FF005B3D27 /* Products */ = {
			isa = PBXGroup;
			children = (
				9EC5771B2B28B0FF005B3D27 /* CryptoWave.app */,
			);
			name = Products;
			sourceTree = "<group>";
		};
		9EC5771D2B28B0FF005B3D27 /* CryptoWave */ = {
			isa = PBXGroup;
			children = (
				9EC5771E2B28B0FF005B3D27 /* CryptoWaveApp.swift */,
				9EC577322B28B2E1005B3D27 /* Extensions */,
				9EA18C2E2B2B598C00727672 /* Models */,
				9EC577352B28DE06005B3D27 /* Core */,
				9EC577202B28B0FF005B3D27 /* ContentView.swift */,
				9EC577302B28B204005B3D27 /* Assets.xcassets */,
				9EC577242B28B100005B3D27 /* Preview Content */,
			);
			path = CryptoWave;
			sourceTree = "<group>";
		};
		9EC577242B28B100005B3D27 /* Preview Content */ = {
			isa = PBXGroup;
			children = (
				9EC577252B28B100005B3D27 /* Preview Assets.xcassets */,
			);
			path = "Preview Content";
			sourceTree = "<group>";
		};
		9EC577322B28B2E1005B3D27 /* Extensions */ = {
			isa = PBXGroup;
			children = (
				9EC577332B28B301005B3D27 /* Color.swift */,
				9E9422672B2CF315008C3451 /* Double.swift */,
			);
			path = Extensions;
			sourceTree = "<group>";
		};
		9EC577352B28DE06005B3D27 /* Core */ = {
			isa = PBXGroup;
			children = (
				9EC5773B2B28F646005B3D27 /* Components */,
				9EC577382B28E942005B3D27 /* Home */,
			);
			path = Core;
			sourceTree = "<group>";
		};
		9EC577362B28DE15005B3D27 /* ViewModels */ = {
			isa = PBXGroup;
			children = (
				9EC577392B28E98C005B3D27 /* HomeView.swift */,
			);
			path = ViewModels;
			sourceTree = "<group>";
		};
		9EC577372B28DE22005B3D27 /* Views */ = {
			isa = PBXGroup;
			children = (
				9EA18C312B2CD91100727672 /* CoinRowView.swift */,
				9EA18C332B2CDAD700727672 /* PreviewProvider.swift */,
			);
			path = Views;
			sourceTree = "<group>";
		};
		9EC577382B28E942005B3D27 /* Home */ = {
			isa = PBXGroup;
			children = (
				9EC577372B28DE22005B3D27 /* Views */,
				9EC577362B28DE15005B3D27 /* ViewModels */,
			);
			path = Home;
			sourceTree = "<group>";
		};
		9EC5773B2B28F646005B3D27 /* Components */ = {
			isa = PBXGroup;
			children = (
				9EC5773C2B28F66A005B3D27 /* CireleButtonView */,
			);
			path = Components;
			sourceTree = "<group>";
		};
		9EC5773C2B28F66A005B3D27 /* CireleButtonView */ = {
			isa = PBXGroup;
			children = (
				9EC5773D2B28F6A8005B3D27 /* CircleButtonView.swift */,
				9EA18C2C2B2B4C4900727672 /* CircleButtonAnimationView.swift */,
			);
			path = CireleButtonView;
			sourceTree = "<group>";
		};
/* End PBXGroup section */

/* Begin PBXNativeTarget section */
		9EC5771A2B28B0FF005B3D27 /* CryptoWave */ = {
			isa = PBXNativeTarget;
			buildConfigurationList = 9EC577292B28B100005B3D27 /* Build configuration list for PBXNativeTarget "CryptoWave" */;
			buildPhases = (
				9EC577172B28B0FF005B3D27 /* Sources */,
				9EC577182B28B0FF005B3D27 /* Frameworks */,
				9EC577192B28B0FF005B3D27 /* Resources */,
			);
			buildRules = (
			);
			dependencies = (
			);
			name = CryptoWave;
			productName = CryptoWave;
			productReference = 9EC5771B2B28B0FF005B3D27 /* CryptoWave.app */;
			productType = "com.apple.product-type.application";
		};
/* End PBXNativeTarget section */

/* Begin PBXProject section */
		9EC577132B28B0FF005B3D27 /* Project object */ = {
			isa = PBXProject;
			attributes = {
				BuildIndependentTargetsInParallel = 1;
				LastSwiftUpdateCheck = 1500;
				LastUpgradeCheck = 1500;
				TargetAttributes = {
					9EC5771A2B28B0FF005B3D27 = {
						CreatedOnToolsVersion = 15.0.1;
					};
				};
			};
			buildConfigurationList = 9EC577162B28B0FF005B3D27 /* Build configuration list for PBXProject "CryptoWave" */;
			compatibilityVersion = "Xcode 14.0";
			developmentRegion = en;
			hasScannedForEncodings = 0;
			knownRegions = (
				en,
				Base,
			);
			mainGroup = 9EC577122B28B0FF005B3D27;
			productRefGroup = 9EC5771C2B28B0FF005B3D27 /* Products */;
			projectDirPath = "";
			projectRoot = "";
			targets = (
				9EC5771A2B28B0FF005B3D27 /* CryptoWave */,
			);
		};
/* End PBXProject section */

/* Begin PBXResourcesBuildPhase section */
		9EC577192B28B0FF005B3D27 /* Resources */ = {
			isa = PBXResourcesBuildPhase;
			buildActionMask = 2147483647;
			files = (
				9EC577312B28B204005B3D27 /* Assets.xcassets in Resources */,
				9EC577262B28B100005B3D27 /* Preview Assets.xcassets in Resources */,
			);
			runOnlyForDeploymentPostprocessing = 0;
		};
/* End PBXResourcesBuildPhase section */

/* Begin PBXSourcesBuildPhase section */
		9EC577172B28B0FF005B3D27 /* Sources */ = {
			isa = PBXSourcesBuildPhase;
			buildActionMask = 2147483647;
			files = (
				9EA18C322B2CD91100727672 /* CoinRowView.swift in Sources */,
				9EC577212B28B0FF005B3D27 /* ContentView.swift in Sources */,
				9EC5773A2B28E98C005B3D27 /* HomeView.swift in Sources */,
				9EC5771F2B28B0FF005B3D27 /* CryptoWaveApp.swift in Sources */,
				9EC5773E2B28F6A8005B3D27 /* CircleButtonView.swift in Sources */,
				9EC577342B28B301005B3D27 /* Color.swift in Sources */,
				9EA18C2D2B2B4C4900727672 /* CircleButtonAnimationView.swift in Sources */,
				9EA18C342B2CDAD700727672 /* PreviewProvider.swift in Sources */,
				9E9422682B2CF315008C3451 /* Double.swift in Sources */,
				9EA18C302B2B59DC00727672 /* Coin.swift in Sources */,
			);
			runOnlyForDeploymentPostprocessing = 0;
		};
/* End PBXSourcesBuildPhase section */

/* Begin XCBuildConfiguration section */
		9EC577272B28B100005B3D27 /* Debug */ = {
			isa = XCBuildConfiguration;
			buildSettings = {
				ALWAYS_SEARCH_USER_PATHS = NO;
				ASSETCATALOG_COMPILER_GENERATE_SWIFT_ASSET_SYMBOL_EXTENSIONS = YES;
				CLANG_ANALYZER_NONNULL = YES;
				CLANG_ANALYZER_NUMBER_OBJECT_CONVERSION = YES_AGGRESSIVE;
				CLANG_CXX_LANGUAGE_STANDARD = "gnu++20";
				CLANG_ENABLE_MODULES = YES;
				CLANG_ENABLE_OBJC_ARC = YES;
				CLANG_ENABLE_OBJC_WEAK = YES;
				CLANG_WARN_BLOCK_CAPTURE_AUTORELEASING = YES;
				CLANG_WARN_BOOL_CONVERSION = YES;
				CLANG_WARN_COMMA = YES;
				CLANG_WARN_CONSTANT_CONVERSION = YES;
				CLANG_WARN_DEPRECATED_OBJC_IMPLEMENTATIONS = YES;
				CLANG_WARN_DIRECT_OBJC_ISA_USAGE = YES_ERROR;
				CLANG_WARN_DOCUMENTATION_COMMENTS = YES;
				CLANG_WARN_EMPTY_BODY = YES;
				CLANG_WARN_ENUM_CONVERSION = YES;
				CLANG_WARN_INFINITE_RECURSION = YES;
				CLANG_WARN_INT_CONVERSION = YES;
				CLANG_WARN_NON_LITERAL_NULL_CONVERSION = YES;
				CLANG_WARN_OBJC_IMPLICIT_RETAIN_SELF = YES;
				CLANG_WARN_OBJC_LITERAL_CONVERSION = YES;
				CLANG_WARN_OBJC_ROOT_CLASS = YES_ERROR;
				CLANG_WARN_QUOTED_INCLUDE_IN_FRAMEWORK_HEADER = YES;
				CLANG_WARN_RANGE_LOOP_ANALYSIS = YES;
				CLANG_WARN_STRICT_PROTOTYPES = YES;
				CLANG_WARN_SUSPICIOUS_MOVE = YES;
				CLANG_WARN_UNGUARDED_AVAILABILITY = YES_AGGRESSIVE;
				CLANG_WARN_UNREACHABLE_CODE = YES;
				CLANG_WARN__DUPLICATE_METHOD_MATCH = YES;
				COPY_PHASE_STRIP = NO;
				DEBUG_INFORMATION_FORMAT = dwarf;
				ENABLE_STRICT_OBJC_MSGSEND = YES;
				ENABLE_TESTABILITY = YES;
				ENABLE_USER_SCRIPT_SANDBOXING = YES;
				GCC_C_LANGUAGE_STANDARD = gnu17;
				GCC_DYNAMIC_NO_PIC = NO;
				GCC_NO_COMMON_BLOCKS = YES;
				GCC_OPTIMIZATION_LEVEL = 0;
				GCC_PREPROCESSOR_DEFINITIONS = (
					"DEBUG=1",
					"$(inherited)",
				);
				GCC_WARN_64_TO_32_BIT_CONVERSION = YES;
				GCC_WARN_ABOUT_RETURN_TYPE = YES_ERROR;
				GCC_WARN_UNDECLARED_SELECTOR = YES;
				GCC_WARN_UNINITIALIZED_AUTOS = YES_AGGRESSIVE;
				GCC_WARN_UNUSED_FUNCTION = YES;
				GCC_WARN_UNUSED_VARIABLE = YES;
				IPHONEOS_DEPLOYMENT_TARGET = 17.0;
				LOCALIZATION_PREFERS_STRING_CATALOGS = YES;
				MTL_ENABLE_DEBUG_INFO = INCLUDE_SOURCE;
				MTL_FAST_MATH = YES;
				ONLY_ACTIVE_ARCH = YES;
				SDKROOT = iphoneos;
				SWIFT_ACTIVE_COMPILATION_CONDITIONS = "DEBUG $(inherited)";
				SWIFT_OPTIMIZATION_LEVEL = "-Onone";
			};
			name = Debug;
		};
		9EC577282B28B100005B3D27 /* Release */ = {
			isa = XCBuildConfiguration;
			buildSettings = {
				ALWAYS_SEARCH_USER_PATHS = NO;
				ASSETCATALOG_COMPILER_GENERATE_SWIFT_ASSET_SYMBOL_EXTENSIONS = YES;
				CLANG_ANALYZER_NONNULL = YES;
				CLANG_ANALYZER_NUMBER_OBJECT_CONVERSION = YES_AGGRESSIVE;
				CLANG_CXX_LANGUAGE_STANDARD = "gnu++20";
				CLANG_ENABLE_MODULES = YES;
				CLANG_ENABLE_OBJC_ARC = YES;
				CLANG_ENABLE_OBJC_WEAK = YES;
				CLANG_WARN_BLOCK_CAPTURE_AUTORELEASING = YES;
				CLANG_WARN_BOOL_CONVERSION = YES;
				CLANG_WARN_COMMA = YES;
				CLANG_WARN_CONSTANT_CONVERSION = YES;
				CLANG_WARN_DEPRECATED_OBJC_IMPLEMENTATIONS = YES;
				CLANG_WARN_DIRECT_OBJC_ISA_USAGE = YES_ERROR;
				CLANG_WARN_DOCUMENTATION_COMMENTS = YES;
				CLANG_WARN_EMPTY_BODY = YES;
				CLANG_WARN_ENUM_CONVERSION = YES;
				CLANG_WARN_INFINITE_RECURSION = YES;
				CLANG_WARN_INT_CONVERSION = YES;
				CLANG_WARN_NON_LITERAL_NULL_CONVERSION = YES;
				CLANG_WARN_OBJC_IMPLICIT_RETAIN_SELF = YES;
				CLANG_WARN_OBJC_LITERAL_CONVERSION = YES;
				CLANG_WARN_OBJC_ROOT_CLASS = YES_ERROR;
				CLANG_WARN_QUOTED_INCLUDE_IN_FRAMEWORK_HEADER = YES;
				CLANG_WARN_RANGE_LOOP_ANALYSIS = YES;
				CLANG_WARN_STRICT_PROTOTYPES = YES;
				CLANG_WARN_SUSPICIOUS_MOVE = YES;
				CLANG_WARN_UNGUARDED_AVAILABILITY = YES_AGGRESSIVE;
				CLANG_WARN_UNREACHABLE_CODE = YES;
				CLANG_WARN__DUPLICATE_METHOD_MATCH = YES;
				COPY_PHASE_STRIP = NO;
				DEBUG_INFORMATION_FORMAT = "dwarf-with-dsym";
				ENABLE_NS_ASSERTIONS = NO;
				ENABLE_STRICT_OBJC_MSGSEND = YES;
				ENABLE_USER_SCRIPT_SANDBOXING = YES;
				GCC_C_LANGUAGE_STANDARD = gnu17;
				GCC_NO_COMMON_BLOCKS = YES;
				GCC_WARN_64_TO_32_BIT_CONVERSION = YES;
				GCC_WARN_ABOUT_RETURN_TYPE = YES_ERROR;
				GCC_WARN_UNDECLARED_SELECTOR = YES;
				GCC_WARN_UNINITIALIZED_AUTOS = YES_AGGRESSIVE;
				GCC_WARN_UNUSED_FUNCTION = YES;
				GCC_WARN_UNUSED_VARIABLE = YES;
				IPHONEOS_DEPLOYMENT_TARGET = 17.0;
				LOCALIZATION_PREFERS_STRING_CATALOGS = YES;
				MTL_ENABLE_DEBUG_INFO = NO;
				MTL_FAST_MATH = YES;
				SDKROOT = iphoneos;
				SWIFT_COMPILATION_MODE = wholemodule;
				VALIDATE_PRODUCT = YES;
			};
			name = Release;
		};
		9EC5772A2B28B100005B3D27 /* Debug */ = {
			isa = XCBuildConfiguration;
			buildSettings = {
				ASSETCATALOG_COMPILER_APPICON_NAME = AppIcon;
				ASSETCATALOG_COMPILER_GLOBAL_ACCENT_COLOR_NAME = AccentColor;
				CODE_SIGN_STYLE = Automatic;
				CURRENT_PROJECT_VERSION = 1;
				DEVELOPMENT_ASSET_PATHS = "\"CryptoWave/Preview Content\"";
				DEVELOPMENT_TEAM = BM86L5TL2G;
				ENABLE_PREVIEWS = YES;
				GENERATE_INFOPLIST_FILE = YES;
				INFOPLIST_KEY_UIApplicationSceneManifest_Generation = YES;
				INFOPLIST_KEY_UIApplicationSupportsIndirectInputEvents = YES;
				INFOPLIST_KEY_UILaunchScreen_Generation = YES;
				INFOPLIST_KEY_UISupportedInterfaceOrientations = UIInterfaceOrientationPortrait;
				LD_RUNPATH_SEARCH_PATHS = (
					"$(inherited)",
					"@executable_path/Frameworks",
				);
				MARKETING_VERSION = 1.0;
				PRODUCT_BUNDLE_IDENTIFIER = com.Swiftjo.CryptoWave;
				PRODUCT_NAME = "$(TARGET_NAME)";
				SWIFT_EMIT_LOC_STRINGS = YES;
				SWIFT_VERSION = 5.0;
				TARGETED_DEVICE_FAMILY = "1,2";
			};
			name = Debug;
		};
		9EC5772B2B28B100005B3D27 /* Release */ = {
			isa = XCBuildConfiguration;
			buildSettings = {
				ASSETCATALOG_COMPILER_APPICON_NAME = AppIcon;
				ASSETCATALOG_COMPILER_GLOBAL_ACCENT_COLOR_NAME = AccentColor;
				CODE_SIGN_STYLE = Automatic;
				CURRENT_PROJECT_VERSION = 1;
				DEVELOPMENT_ASSET_PATHS = "\"CryptoWave/Preview Content\"";
				DEVELOPMENT_TEAM = BM86L5TL2G;
				ENABLE_PREVIEWS = YES;
				GENERATE_INFOPLIST_FILE = YES;
				INFOPLIST_KEY_UIApplicationSceneManifest_Generation = YES;
				INFOPLIST_KEY_UIApplicationSupportsIndirectInputEvents = YES;
				INFOPLIST_KEY_UILaunchScreen_Generation = YES;
				INFOPLIST_KEY_UISupportedInterfaceOrientations = UIInterfaceOrientationPortrait;
				LD_RUNPATH_SEARCH_PATHS = (
					"$(inherited)",
					"@executable_path/Frameworks",
				);
				MARKETING_VERSION = 1.0;
				PRODUCT_BUNDLE_IDENTIFIER = com.Swiftjo.CryptoWave;
				PRODUCT_NAME = "$(TARGET_NAME)";
				SWIFT_EMIT_LOC_STRINGS = YES;
				SWIFT_VERSION = 5.0;
				TARGETED_DEVICE_FAMILY = "1,2";
			};
			name = Release;
		};
/* End XCBuildConfiguration section */

/* Begin XCConfigurationList section */
		9EC577162B28B0FF005B3D27 /* Build configuration list for PBXProject "CryptoWave" */ = {
			isa = XCConfigurationList;
			buildConfigurations = (
				9EC577272B28B100005B3D27 /* Debug */,
				9EC577282B28B100005B3D27 /* Release */,
			);
			defaultConfigurationIsVisible = 0;
			defaultConfigurationName = Release;
		};
		9EC577292B28B100005B3D27 /* Build configuration list for PBXNativeTarget "CryptoWave" */ = {
			isa = XCConfigurationList;
			buildConfigurations = (
				9EC5772A2B28B100005B3D27 /* Debug */,
				9EC5772B2B28B100005B3D27 /* Release */,
			);
			defaultConfigurationIsVisible = 0;
			defaultConfigurationName = Release;
		};
/* End XCConfigurationList section */
	};
	rootObject = 9EC577132B28B0FF005B3D27 /* Project object */;
}
